
Microsoft Visual Studio Solution File, Format Version 12.00
# Visual Studio Version 17
VisualStudioVersion = 17.14.37710.0 d17.14
MinimumVisualStudioVersion = 10.0.40219.1
Project("{FAE04EC0-301F-11D3-BF4B-00C04F79EFBC}") = "Wukong_Benchmark_Tool", "Wukong_Benchmark_Tool.csproj", "{356CA21E-318E-4EFC-96E0-19AA67B07786}"
EndProject
Global
	GlobalSection(SolutionConfigurationPlatforms) = preSolution
		Debug|Any CPU = Debug|Any CPU
		Release|Any CPU = Release|Any CPU
	EndGlobalSection
	GlobalSection(ProjectConfigurationPlatforms) = postSolution
		{356CA21E-318E-4EFC-96E0-19AA67B07786}.Debug|Any CPU.ActiveCfg = Debug|Any CPU
		{356CA21E-318E-4EFC-96E0-19AA67B07786}.Debug|Any CPU.Build.0 = Debug|Any CPU
		{356CA21E-318E-4EFC-96E0-19AA67B07786}.Release|Any CPU.ActiveCfg = Release|Any CPU
		{356CA21E-318E-4EFC-96E0-19AA67B07786}.Release|Any CPU.Build.0 = Release|Any CPU
	EndGlobalSection
	GlobalSection(SolutionProperties) = preSolution
		HideSolutionNode = FALSE
	EndGlobalSection
	GlobalSection(ExtensibilityGlobals) = postSolution
		SolutionGuid = {FB1B8100-CEC9-486F-BCC6-4B798B5C045E}
	EndGlobalSection
EndGlobal
